
Microsoft Visual Studio Solution File, Format Version 12.00
# Visual Studio 15
VisualStudioVersion = 15.0.27130.2003
MinimumVisualStudioVersion = 10.0.40219.1
Project("{2150E333-8FDC-42A3-9474-1A3956D46DE8}") = "Core", "Core", "{53BE808D-4A0F-4DA7-8831-826768BC6AD2}"
EndProject
Project("{2150E333-8FDC-42A3-9474-1A3956D46DE8}") = "Logic", "Logic", "{F7585F0A-9720-4C2A-BBD5-B79374BD8C3B}"
EndProject
Project("{9A19103F-16F7-4668-BE54-9A1E7A4F7556}") = "Core.Application", "Core.Application\Core.Application.csproj", "{5248B639-6E37-4372-9E52-3D6F2E47EFAA}"
EndProject
Project("{9A19103F-16F7-4668-BE54-9A1E7A4F7556}") = "Core.Message", "Core.Message\Core.Message.csproj", "{5209B0A5-444A-4476-964D-D0047A9EA18C}"
EndProject
Project("{9A19103F-16F7-4668-BE54-9A1E7A4F7556}") = "Core.Domain", "Core.Domain\Core.Domain.csproj", "{5A24488C-47CA-4045-A8AA-9E7677E78A66}"
EndProject
Project("{9A19103F-16F7-4668-BE54-9A1E7A4F7556}") = "Core.Infrastructure", "Core.Infrastructure\Core.Infrastructure.csproj", "{DE32B3E3-3B6F-478F-AC31-62E65FFFD116}"
EndProject
Project("{9A19103F-16F7-4668-BE54-9A1E7A4F7556}") = "Core.Presentation", "Core.Presentation\Core.Presentation.csproj", "{62AD8C04-9A51-4FB9-9F48-41CDE64FC4CE}"
EndProject
Project("{9A19103F-16F7-4668-BE54-9A1E7A4F7556}") = "HomeExpenses.Application", "HomeExpenses.Application\HomeExpenses.Application.csproj", "{F4B15C06-492E-4A4E-8804-5B02DE0696E7}"
EndProject
Project("{9A19103F-16F7-4668-BE54-9A1E7A4F7556}") = "HomeExpenses.Message", "HomeExpenses.Message\HomeExpenses.Message.csproj", "{ADF19608-7990-4EB2-BB06-4E00F75EFF50}"
EndProject
Project("{9A19103F-16F7-4668-BE54-9A1E7A4F7556}") = "HomeExpenses.Presentation", "HomeExpenses.Presentation\HomeExpenses.Presentation.csproj", "{16A1C70F-A861-40A0-8879-78CE57A0868C}"
EndProject
Project("{2150E333-8FDC-42A3-9474-1A3956D46DE8}") = "Src", "Src", "{F044D7B3-368E-43F8-876E-12463204DB93}"
EndProject
Project("{9A19103F-16F7-4668-BE54-9A1E7A4F7556}") = "Core.Akka", "Core.Akka\Core.Akka.csproj", "{C20E27D8-4CC1-42BD-BEA0-EF08DC661664}"
EndProject
Project("{9A19103F-16F7-4668-BE54-9A1E7A4F7556}") = "HomeExpenses.Infrastructure", "HomeExpenses.Infrastructure\HomeExpenses.Infrastructure.csproj", "{D21A642B-29DA-48BA-B441-6B6EACDCD75C}"
EndProject
Project("{9A19103F-16F7-4668-BE54-9A1E7A4F7556}") = "HomeExpenses.Host", "HomeExpenses.Host\HomeExpenses.Host.csproj", "{8890EF4C-FECD-42C3-9B0F-0B437A6F2F3E}"
EndProject
Project("{9A19103F-16F7-4668-BE54-9A1E7A4F7556}") = "HomeExpenses.Domain", "HomeExpenses.Domain\HomeExpenses.Domain.csproj", "{A0E01C45-41CD-4904-A8A6-E22BE3D71D33}"
EndProject
Project("{9A19103F-16F7-4668-BE54-9A1E7A4F7556}") = "HomeExpenses.WebApi", "HomeExpenses.WebApi\HomeExpenses.WebApi.csproj", "{0A6857BB-A932-4C09-A300-86A232720EA3}"
EndProject
Project("{FAE04EC0-301F-11D3-BF4B-00C04F79EFBC}") = "HomeExpenses.UI", "HomeExpenses.UI\HomeExpenses.UI.csproj", "{8C2D43EA-1BFB-4E21-97D3-C9E735179103}"
EndProject
Global
	GlobalSection(SolutionConfigurationPlatforms) = preSolution
		Debug|Any CPU = Debug|Any CPU
		Release|Any CPU = Release|Any CPU
	EndGlobalSection
	GlobalSection(ProjectConfigurationPlatforms) = postSolution
		{5248B639-6E37-4372-9E52-3D6F2E47EFAA}.Debug|Any CPU.ActiveCfg = Debug|Any CPU
		{5248B639-6E37-4372-9E52-3D6F2E47EFAA}.Debug|Any CPU.Build.0 = Debug|Any CPU
		{5248B639-6E37-4372-9E52-3D6F2E47EFAA}.Release|Any CPU.ActiveCfg = Release|Any CPU
		{5248B639-6E37-4372-9E52-3D6F2E47EFAA}.Release|Any CPU.Build.0 = Release|Any CPU
		{5209B0A5-444A-4476-964D-D0047A9EA18C}.Debug|Any CPU.ActiveCfg = Debug|Any CPU
		{5209B0A5-444A-4476-964D-D0047A9EA18C}.Debug|Any CPU.Build.0 = Debug|Any CPU
		{5209B0A5-444A-4476-964D-D0047A9EA18C}.Release|Any CPU.ActiveCfg = Release|Any CPU
		{5209B0A5-444A-4476-964D-D0047A9EA18C}.Release|Any CPU.Build.0 = Release|Any CPU
		{5A24488C-47CA-4045-A8AA-9E7677E78A66}.Debug|Any CPU.ActiveCfg = Debug|Any CPU
		{5A24488C-47CA-4045-A8AA-9E7677E78A66}.Debug|Any CPU.Build.0 = Debug|Any CPU
		{5A24488C-47CA-4045-A8AA-9E7677E78A66}.Release|Any CPU.ActiveCfg = Release|Any CPU
		{5A24488C-47CA-4045-A8AA-9E7677E78A66}.Release|Any CPU.Build.0 = Release|Any CPU
		{DE32B3E3-3B6F-478F-AC31-62E65FFFD116}.Debug|Any CPU.ActiveCfg = Debug|Any CPU
		{DE32B3E3-3B6F-478F-AC31-62E65FFFD116}.Debug|Any CPU.Build.0 = Debug|Any CPU
		{DE32B3E3-3B6F-478F-AC31-62E65FFFD116}.Release|Any CPU.ActiveCfg = Release|Any CPU
		{DE32B3E3-3B6F-478F-AC31-62E65FFFD116}.Release|Any CPU.Build.0 = Release|Any CPU
		{62AD8C04-9A51-4FB9-9F48-41CDE64FC4CE}.Debug|Any CPU.ActiveCfg = Debug|Any CPU
		{62AD8C04-9A51-4FB9-9F48-41CDE64FC4CE}.Debug|Any CPU.Build.0 = Debug|Any CPU
		{62AD8C04-9A51-4FB9-9F48-41CDE64FC4CE}.Release|Any CPU.ActiveCfg = Release|Any CPU
		{62AD8C04-9A51-4FB9-9F48-41CDE64FC4CE}.Release|Any CPU.Build.0 = Release|Any CPU
		{F4B15C06-492E-4A4E-8804-5B02DE0696E7}.Debug|Any CPU.ActiveCfg = Debug|Any CPU
		{F4B15C06-492E-4A4E-8804-5B02DE0696E7}.Debug|Any CPU.Build.0 = Debug|Any CPU
		{F4B15C06-492E-4A4E-8804-5B02DE0696E7}.Release|Any CPU.ActiveCfg = Release|Any CPU
		{F4B15C06-492E-4A4E-8804-5B02DE0696E7}.Release|Any CPU.Build.0 = Release|Any CPU
		{ADF19608-7990-4EB2-BB06-4E00F75EFF50}.Debug|Any CPU.ActiveCfg = Debug|Any CPU
		{ADF19608-7990-4EB2-BB06-4E00F75EFF50}.Debug|Any CPU.Build.0 = Debug|Any CPU
		{ADF19608-7990-4EB2-BB06-4E00F75EFF50}.Release|Any CPU.ActiveCfg = Release|Any CPU
		{ADF19608-7990-4EB2-BB06-4E00F75EFF50}.Release|Any CPU.Build.0 = Release|Any CPU
		{16A1C70F-A861-40A0-8879-78CE57A0868C}.Debug|Any CPU.ActiveCfg = Debug|Any CPU
		{16A1C70F-A861-40A0-8879-78CE57A0868C}.Debug|Any CPU.Build.0 = Debug|Any CPU
		{16A1C70F-A861-40A0-8879-78CE57A0868C}.Release|Any CPU.ActiveCfg = Release|Any CPU
		{16A1C70F-A861-40A0-8879-78CE57A0868C}.Release|Any CPU.Build.0 = Release|Any CPU
		{C20E27D8-4CC1-42BD-BEA0-EF08DC661664}.Debug|Any CPU.ActiveCfg = Debug|Any CPU
		{C20E27D8-4CC1-42BD-BEA0-EF08DC661664}.Debug|Any CPU.Build.0 = Debug|Any CPU
		{C20E27D8-4CC1-42BD-BEA0-EF08DC661664}.Release|Any CPU.ActiveCfg = Release|Any CPU
		{C20E27D8-4CC1-42BD-BEA0-EF08DC661664}.Release|Any CPU.Build.0 = Release|Any CPU
		{D21A642B-29DA-48BA-B441-6B6EACDCD75C}.Debug|Any CPU.ActiveCfg = Debug|Any CPU
		{D21A642B-29DA-48BA-B441-6B6EACDCD75C}.Debug|Any CPU.Build.0 = Debug|Any CPU
		{D21A642B-29DA-48BA-B441-6B6EACDCD75C}.Release|Any CPU.ActiveCfg = Release|Any CPU
		{D21A642B-29DA-48BA-B441-6B6EACDCD75C}.Release|Any CPU.Build.0 = Release|Any CPU
		{8890EF4C-FECD-42C3-9B0F-0B437A6F2F3E}.Debug|Any CPU.ActiveCfg = Debug|Any CPU
		{8890EF4C-FECD-42C3-9B0F-0B437A6F2F3E}.Debug|Any CPU.Build.0 = Debug|Any CPU
		{8890EF4C-FECD-42C3-9B0F-0B437A6F2F3E}.Release|Any CPU.ActiveCfg = Release|Any CPU
		{8890EF4C-FECD-42C3-9B0F-0B437A6F2F3E}.Release|Any CPU.Build.0 = Release|Any CPU
		{A0E01C45-41CD-4904-A8A6-E22BE3D71D33}.Debug|Any CPU.ActiveCfg = Debug|Any CPU
		{A0E01C45-41CD-4904-A8A6-E22BE3D71D33}.Debug|Any CPU.Build.0 = Debug|Any CPU
		{A0E01C45-41CD-4904-A8A6-E22BE3D71D33}.Release|Any CPU.ActiveCfg = Release|Any CPU
		{A0E01C45-41CD-4904-A8A6-E22BE3D71D33}.Release|Any CPU.Build.0 = Release|Any CPU
		{0A6857BB-A932-4C09-A300-86A232720EA3}.Debug|Any CPU.ActiveCfg = Debug|Any CPU
		{0A6857BB-A932-4C09-A300-86A232720EA3}.Debug|Any CPU.Build.0 = Debug|Any CPU
		{0A6857BB-A932-4C09-A300-86A232720EA3}.Release|Any CPU.ActiveCfg = Release|Any CPU
		{0A6857BB-A932-4C09-A300-86A232720EA3}.Release|Any CPU.Build.0 = Release|Any CPU
		{8C2D43EA-1BFB-4E21-97D3-C9E735179103}.Debug|Any CPU.ActiveCfg = Debug|Any CPU
		{8C2D43EA-1BFB-4E21-97D3-C9E735179103}.Debug|Any CPU.Build.0 = Debug|Any CPU
		{8C2D43EA-1BFB-4E21-97D3-C9E735179103}.Release|Any CPU.ActiveCfg = Release|Any CPU
		{8C2D43EA-1BFB-4E21-97D3-C9E735179103}.Release|Any CPU.Build.0 = Release|Any CPU
	EndGlobalSection
	GlobalSection(SolutionProperties) = preSolution
		HideSolutionNode = FALSE
	EndGlobalSection
	GlobalSection(NestedProjects) = preSolution
		{53BE808D-4A0F-4DA7-8831-826768BC6AD2} = {F044D7B3-368E-43F8-876E-12463204DB93}
		{F7585F0A-9720-4C2A-BBD5-B79374BD8C3B} = {F044D7B3-368E-43F8-876E-12463204DB93}
		{5248B639-6E37-4372-9E52-3D6F2E47EFAA} = {53BE808D-4A0F-4DA7-8831-826768BC6AD2}
		{5209B0A5-444A-4476-964D-D0047A9EA18C} = {53BE808D-4A0F-4DA7-8831-826768BC6AD2}
		{5A24488C-47CA-4045-A8AA-9E7677E78A66} = {53BE808D-4A0F-4DA7-8831-826768BC6AD2}
		{DE32B3E3-3B6F-478F-AC31-62E65FFFD116} = {53BE808D-4A0F-4DA7-8831-826768BC6AD2}
		{62AD8C04-9A51-4FB9-9F48-41CDE64FC4CE} = {53BE808D-4A0F-4DA7-8831-826768BC6AD2}
		{F4B15C06-492E-4A4E-8804-5B02DE0696E7} = {F7585F0A-9720-4C2A-BBD5-B79374BD8C3B}
		{ADF19608-7990-4EB2-BB06-4E00F75EFF50} = {F7585F0A-9720-4C2A-BBD5-B79374BD8C3B}
		{16A1C70F-A861-40A0-8879-78CE57A0868C} = {F7585F0A-9720-4C2A-BBD5-B79374BD8C3B}
		{C20E27D8-4CC1-42BD-BEA0-EF08DC661664} = {53BE808D-4A0F-4DA7-8831-826768BC6AD2}
		{D21A642B-29DA-48BA-B441-6B6EACDCD75C} = {F7585F0A-9720-4C2A-BBD5-B79374BD8C3B}
		{8890EF4C-FECD-42C3-9B0F-0B437A6F2F3E} = {F044D7B3-368E-43F8-876E-12463204DB93}
		{A0E01C45-41CD-4904-A8A6-E22BE3D71D33} = {F7585F0A-9720-4C2A-BBD5-B79374BD8C3B}
		{0A6857BB-A932-4C09-A300-86A232720EA3} = {F044D7B3-368E-43F8-876E-12463204DB93}
		{8C2D43EA-1BFB-4E21-97D3-C9E735179103} = {F044D7B3-368E-43F8-876E-12463204DB93}
	EndGlobalSection
	GlobalSection(ExtensibilityGlobals) = postSolution
		SolutionGuid = {D0620E09-E0D4-4264-A2CD-8B7FBA7B8723}
	EndGlobalSection
EndGlobal
