
Microsoft Visual Studio Solution File, Format Version 12.00
# Visual Studio 15
VisualStudioVersion = 15.0.27130.0
MinimumVisualStudioVersion = 10.0.40219.1
Project("{FAE04EC0-301F-11D3-BF4B-00C04F79EFBC}") = "HomeExpenses", "HomeExpenses\HomeExpenses.csproj", "{F7114786-56AC-49BE-A073-17FB41759A4C}"
EndProject
Global
	GlobalSection(SolutionConfigurationPlatforms) = preSolution
		Debug|Any CPU = Debug|Any CPU
		Release|Any CPU = Release|Any CPU
	EndGlobalSection
	GlobalSection(ProjectConfigurationPlatforms) = postSolution
		{F7114786-56AC-49BE-A073-17FB41759A4C}.Debug|Any CPU.ActiveCfg = Debug|Any CPU
		{F7114786-56AC-49BE-A073-17FB41759A4C}.Debug|Any CPU.Build.0 = Debug|Any CPU
		{F7114786-56AC-49BE-A073-17FB41759A4C}.Release|Any CPU.ActiveCfg = Release|Any CPU
		{F7114786-56AC-49BE-A073-17FB41759A4C}.Release|Any CPU.Build.0 = Release|Any CPU
	EndGlobalSection
	GlobalSection(SolutionProperties) = preSolution
		HideSolutionNode = FALSE
	EndGlobalSection
	GlobalSection(ExtensibilityGlobals) = postSolution
		SolutionGuid = {D0620E09-E0D4-4264-A2CD-8B7FBA7B8723}
	EndGlobalSection
EndGlobal
